
Microsoft Visual Studio Solution File, Format Version 12.00
# Visual Studio Version 17
VisualStudioVersion = 17.2.32616.157
MinimumVisualStudioVersion = 10.0.40219.1
Project("{FAE04EC0-301F-11D3-BF4B-00C04F79EFBC}") = "Jnz.PoC.StrategyPattern", "Jnz.PoC.StrategyPattern\Jnz.PoC.StrategyPattern.csproj", "{EC0DF021-F991-4243-BF3D-735921F31BC6}"
EndProject
Global
	GlobalSection(SolutionConfigurationPlatforms) = preSolution
		Debug|Any CPU = Debug|Any CPU
		Release|Any CPU = Release|Any CPU
	EndGlobalSection
	GlobalSection(ProjectConfigurationPlatforms) = postSolution
		{EC0DF021-F991-4243-BF3D-735921F31BC6}.Debug|Any CPU.ActiveCfg = Debug|Any CPU
		{EC0DF021-F991-4243-BF3D-735921F31BC6}.Debug|Any CPU.Build.0 = Debug|Any CPU
		{EC0DF021-F991-4243-BF3D-735921F31BC6}.Release|Any CPU.ActiveCfg = Release|Any CPU
		{EC0DF021-F991-4243-BF3D-735921F31BC6}.Release|Any CPU.Build.0 = Release|Any CPU
	EndGlobalSection
	GlobalSection(SolutionProperties) = preSolution
		HideSolutionNode = FALSE
	EndGlobalSection
	GlobalSection(ExtensibilityGlobals) = postSolution
		SolutionGuid = {E2CAF138-8941-47B2-B19F-111FEEE74EC9}
	EndGlobalSection
EndGlobal
